
Microsoft Visual Studio Solution File, Format Version 12.00
# Visual Studio Version 16
VisualStudioVersion = 16.0.29905.134
MinimumVisualStudioVersion = 10.0.40219.1
Project("{FAE04EC0-301F-11D3-BF4B-00C04F79EFBC}") = "Dropmaker", "..\src\Dropmaker.csproj", "{995C5509-8D07-4542-AE76-C2487C1CF675}"
EndProject
Global
	GlobalSection(SolutionConfigurationPlatforms) = preSolution
		Debug|Any CPU = Debug|Any CPU
		Release|Any CPU = Release|Any CPU
	EndGlobalSection
	GlobalSection(ProjectConfigurationPlatforms) = postSolution
		{995C5509-8D07-4542-AE76-C2487C1CF675}.Debug|Any CPU.ActiveCfg = Debug|Any CPU
		{995C5509-8D07-4542-AE76-C2487C1CF675}.Debug|Any CPU.Build.0 = Debug|Any CPU
		{995C5509-8D07-4542-AE76-C2487C1CF675}.Release|Any CPU.ActiveCfg = Release|Any CPU
		{995C5509-8D07-4542-AE76-C2487C1CF675}.Release|Any CPU.Build.0 = Release|Any CPU
	EndGlobalSection
	GlobalSection(SolutionProperties) = preSolution
		HideSolutionNode = FALSE
	EndGlobalSection
	GlobalSection(ExtensibilityGlobals) = postSolution
		SolutionGuid = {3B85573B-0BFC-4AFA-A611-4474D077FB3F}
	EndGlobalSection
EndGlobal
